
Microsoft Visual Studio Solution File, Format Version 12.00
# Visual Studio Version 17
VisualStudioVersion = 17.11.35208.52
MinimumVisualStudioVersion = 10.0.40219.1
Project("{FAE04EC0-301F-11D3-BF4B-00C04F79EFBC}") = "DynamicArray", "DynamicArray\DynamicArray.csproj", "{1FEA4114-7DE0-49FF-B158-460DD36CBEF1}"
EndProject
Global
	GlobalSection(SolutionConfigurationPlatforms) = preSolution
		Debug|Any CPU = Debug|Any CPU
		Release|Any CPU = Release|Any CPU
	EndGlobalSection
	GlobalSection(ProjectConfigurationPlatforms) = postSolution
		{1FEA4114-7DE0-49FF-B158-460DD36CBEF1}.Debug|Any CPU.ActiveCfg = Debug|Any CPU
		{1FEA4114-7DE0-49FF-B158-460DD36CBEF1}.Debug|Any CPU.Build.0 = Debug|Any CPU
		{1FEA4114-7DE0-49FF-B158-460DD36CBEF1}.Release|Any CPU.ActiveCfg = Release|Any CPU
		{1FEA4114-7DE0-49FF-B158-460DD36CBEF1}.Release|Any CPU.Build.0 = Release|Any CPU
	EndGlobalSection
	GlobalSection(SolutionProperties) = preSolution
		HideSolutionNode = FALSE
	EndGlobalSection
	GlobalSection(ExtensibilityGlobals) = postSolution
		SolutionGuid = {B21B09EA-F2FC-49D2-9213-76826E5DF5FF}
	EndGlobalSection
EndGlobal
